
Microsoft Visual Studio Solution File, Format Version 12.00
# Visual Studio Version 16
VisualStudioVersion = 16.0.29230.47
MinimumVisualStudioVersion = 10.0.40219.1
Project("{2150E333-8FDC-42A3-9474-1A3956D46DE8}") = "WEB", "WEB", "{C593FA64-E134-409F-9D28-41D4203FCF21}"
EndProject
Project("{2150E333-8FDC-42A3-9474-1A3956D46DE8}") = "CORE", "CORE", "{0C93D4E6-D491-4D82-9152-B5883A7A68DD}"
EndProject
Project("{2150E333-8FDC-42A3-9474-1A3956D46DE8}") = "COMMON", "COMMON", "{45B1928C-CF62-4C75-BB7B-5FF8A2627291}"
EndProject
Project("{2150E333-8FDC-42A3-9474-1A3956D46DE8}") = "UTIL", "UTIL", "{43D40CFE-9530-44BC-8C3C-EA8A6EF3E7EF}"
EndProject
Project("{9A19103F-16F7-4668-BE54-9A1E7A4F7556}") = "R.ARC.Core.DataAccess", "R.ARC.Core.DataAccess\R.ARC.Core.DataAccess.csproj", "{C58DDA88-B84D-49F6-BFE6-1C3CCE0BE0A1}"
EndProject
Project("{9A19103F-16F7-4668-BE54-9A1E7A4F7556}") = "R.ARC.Core.Business", "R.ARC.Core.Business\R.ARC.Core.Business.csproj", "{C82A1B07-2B61-4ABE-A42F-AC1FFF7885E1}"
EndProject
Project("{9A19103F-16F7-4668-BE54-9A1E7A4F7556}") = "R.ARC.Web.Api", "R.ARC.Service.WebApi\R.ARC.Web.Api.csproj", "{F7DF3519-57C7-429C-9896-32636CB1218E}"
EndProject
Project("{9A19103F-16F7-4668-BE54-9A1E7A4F7556}") = "R.ARC.Common.Contract", "R.ARC.Service.Contract\R.ARC.Common.Contract.csproj", "{3F609351-0061-4B10-B9B4-959AC268E3B5}"
EndProject
Project("{9A19103F-16F7-4668-BE54-9A1E7A4F7556}") = "R.ARC.Common.Helper", "R.ARC.Common.Helper\R.ARC.Common.Helper.csproj", "{9FA8AB2E-E667-4AD3-9BD1-5416995223C9}"
EndProject
Project("{9A19103F-16F7-4668-BE54-9A1E7A4F7556}") = "R.ARC.Util.Mapping", "R.ARC.Util.Mapping\R.ARC.Util.Mapping.csproj", "{0DECF7D7-90E6-4E68-AE95-6E7DDEE12EAB}"
EndProject
Project("{9A19103F-16F7-4668-BE54-9A1E7A4F7556}") = "R.ARC.Core.Entity", "R.ARC.Core.Entity\R.ARC.Core.Entity.csproj", "{FFAC9438-200F-4174-AAA2-F9A597CA16F4}"
EndProject
Project("{9A19103F-16F7-4668-BE54-9A1E7A4F7556}") = "R.ARC.Util.Logging", "R.ARC.Util.Logging\R.ARC.Util.Logging.csproj", "{A5CB6D1F-A6B1-4343-9290-E1575CA97173}"
EndProject
Project("{9A19103F-16F7-4668-BE54-9A1E7A4F7556}") = "R.ARC.Util.Session", "R.ARC.Util.Session\R.ARC.Util.Session.csproj", "{7550359B-27F0-4720-88EE-9C21E4F78A07}"
EndProject
Global
	GlobalSection(SolutionConfigurationPlatforms) = preSolution
		Debug|Any CPU = Debug|Any CPU
		Release|Any CPU = Release|Any CPU
	EndGlobalSection
	GlobalSection(ProjectConfigurationPlatforms) = postSolution
		{C58DDA88-B84D-49F6-BFE6-1C3CCE0BE0A1}.Debug|Any CPU.ActiveCfg = Debug|Any CPU
		{C58DDA88-B84D-49F6-BFE6-1C3CCE0BE0A1}.Debug|Any CPU.Build.0 = Debug|Any CPU
		{C58DDA88-B84D-49F6-BFE6-1C3CCE0BE0A1}.Release|Any CPU.ActiveCfg = Release|Any CPU
		{C58DDA88-B84D-49F6-BFE6-1C3CCE0BE0A1}.Release|Any CPU.Build.0 = Release|Any CPU
		{C82A1B07-2B61-4ABE-A42F-AC1FFF7885E1}.Debug|Any CPU.ActiveCfg = Debug|Any CPU
		{C82A1B07-2B61-4ABE-A42F-AC1FFF7885E1}.Debug|Any CPU.Build.0 = Debug|Any CPU
		{C82A1B07-2B61-4ABE-A42F-AC1FFF7885E1}.Release|Any CPU.ActiveCfg = Release|Any CPU
		{C82A1B07-2B61-4ABE-A42F-AC1FFF7885E1}.Release|Any CPU.Build.0 = Release|Any CPU
		{F7DF3519-57C7-429C-9896-32636CB1218E}.Debug|Any CPU.ActiveCfg = Debug|Any CPU
		{F7DF3519-57C7-429C-9896-32636CB1218E}.Debug|Any CPU.Build.0 = Debug|Any CPU
		{F7DF3519-57C7-429C-9896-32636CB1218E}.Release|Any CPU.ActiveCfg = Release|Any CPU
		{F7DF3519-57C7-429C-9896-32636CB1218E}.Release|Any CPU.Build.0 = Release|Any CPU
		{3F609351-0061-4B10-B9B4-959AC268E3B5}.Debug|Any CPU.ActiveCfg = Debug|Any CPU
		{3F609351-0061-4B10-B9B4-959AC268E3B5}.Debug|Any CPU.Build.0 = Debug|Any CPU
		{3F609351-0061-4B10-B9B4-959AC268E3B5}.Release|Any CPU.ActiveCfg = Release|Any CPU
		{3F609351-0061-4B10-B9B4-959AC268E3B5}.Release|Any CPU.Build.0 = Release|Any CPU
		{9FA8AB2E-E667-4AD3-9BD1-5416995223C9}.Debug|Any CPU.ActiveCfg = Debug|Any CPU
		{9FA8AB2E-E667-4AD3-9BD1-5416995223C9}.Debug|Any CPU.Build.0 = Debug|Any CPU
		{9FA8AB2E-E667-4AD3-9BD1-5416995223C9}.Release|Any CPU.ActiveCfg = Release|Any CPU
		{9FA8AB2E-E667-4AD3-9BD1-5416995223C9}.Release|Any CPU.Build.0 = Release|Any CPU
		{0DECF7D7-90E6-4E68-AE95-6E7DDEE12EAB}.Debug|Any CPU.ActiveCfg = Debug|Any CPU
		{0DECF7D7-90E6-4E68-AE95-6E7DDEE12EAB}.Debug|Any CPU.Build.0 = Debug|Any CPU
		{0DECF7D7-90E6-4E68-AE95-6E7DDEE12EAB}.Release|Any CPU.ActiveCfg = Release|Any CPU
		{0DECF7D7-90E6-4E68-AE95-6E7DDEE12EAB}.Release|Any CPU.Build.0 = Release|Any CPU
		{FFAC9438-200F-4174-AAA2-F9A597CA16F4}.Debug|Any CPU.ActiveCfg = Debug|Any CPU
		{FFAC9438-200F-4174-AAA2-F9A597CA16F4}.Debug|Any CPU.Build.0 = Debug|Any CPU
		{FFAC9438-200F-4174-AAA2-F9A597CA16F4}.Release|Any CPU.ActiveCfg = Release|Any CPU
		{FFAC9438-200F-4174-AAA2-F9A597CA16F4}.Release|Any CPU.Build.0 = Release|Any CPU
		{A5CB6D1F-A6B1-4343-9290-E1575CA97173}.Debug|Any CPU.ActiveCfg = Debug|Any CPU
		{A5CB6D1F-A6B1-4343-9290-E1575CA97173}.Debug|Any CPU.Build.0 = Debug|Any CPU
		{A5CB6D1F-A6B1-4343-9290-E1575CA97173}.Release|Any CPU.ActiveCfg = Release|Any CPU
		{A5CB6D1F-A6B1-4343-9290-E1575CA97173}.Release|Any CPU.Build.0 = Release|Any CPU
		{7550359B-27F0-4720-88EE-9C21E4F78A07}.Debug|Any CPU.ActiveCfg = Debug|Any CPU
		{7550359B-27F0-4720-88EE-9C21E4F78A07}.Debug|Any CPU.Build.0 = Debug|Any CPU
		{7550359B-27F0-4720-88EE-9C21E4F78A07}.Release|Any CPU.ActiveCfg = Release|Any CPU
		{7550359B-27F0-4720-88EE-9C21E4F78A07}.Release|Any CPU.Build.0 = Release|Any CPU
	EndGlobalSection
	GlobalSection(SolutionProperties) = preSolution
		HideSolutionNode = FALSE
	EndGlobalSection
	GlobalSection(NestedProjects) = preSolution
		{C58DDA88-B84D-49F6-BFE6-1C3CCE0BE0A1} = {0C93D4E6-D491-4D82-9152-B5883A7A68DD}
		{C82A1B07-2B61-4ABE-A42F-AC1FFF7885E1} = {0C93D4E6-D491-4D82-9152-B5883A7A68DD}
		{F7DF3519-57C7-429C-9896-32636CB1218E} = {C593FA64-E134-409F-9D28-41D4203FCF21}
		{3F609351-0061-4B10-B9B4-959AC268E3B5} = {45B1928C-CF62-4C75-BB7B-5FF8A2627291}
		{9FA8AB2E-E667-4AD3-9BD1-5416995223C9} = {45B1928C-CF62-4C75-BB7B-5FF8A2627291}
		{0DECF7D7-90E6-4E68-AE95-6E7DDEE12EAB} = {43D40CFE-9530-44BC-8C3C-EA8A6EF3E7EF}
		{FFAC9438-200F-4174-AAA2-F9A597CA16F4} = {0C93D4E6-D491-4D82-9152-B5883A7A68DD}
		{A5CB6D1F-A6B1-4343-9290-E1575CA97173} = {43D40CFE-9530-44BC-8C3C-EA8A6EF3E7EF}
		{7550359B-27F0-4720-88EE-9C21E4F78A07} = {43D40CFE-9530-44BC-8C3C-EA8A6EF3E7EF}
	EndGlobalSection
	GlobalSection(ExtensibilityGlobals) = postSolution
		SolutionGuid = {7E787AF4-6A5B-4A08-A42B-20D2D36A739A}
	EndGlobalSection
EndGlobal
